Microsoft Visual Studio Solution File, Format Version 11.00
# Visual Studio 2008

Project("{199BBBE1-C87C-B268-E281-E7FD72F36582}") = "ThroughTheNight", "Assembly-CSharp.csproj", "{8574D116-5904-03DA-8D95-5BBABE761D19}"
EndProject
Global
	GlobalSection(SolutionConfigurationPlatforms) = preSolution
		Debug|Any CPU = Debug|Any CPU
		Release|Any CPU = Release|Any CPU
	EndGlobalSection
	GlobalSection(ProjectConfigurationPlatforms) = postSolution
		{8574D116-5904-03DA-8D95-5BBABE761D19}.Debug|Any CPU.ActiveCfg = Debug|Any CPU
		{8574D116-5904-03DA-8D95-5BBABE761D19}.Debug|Any CPU.Build.0 = Debug|Any CPU
		{8574D116-5904-03DA-8D95-5BBABE761D19}.Release|Any CPU.ActiveCfg = Release|Any CPU
		{8574D116-5904-03DA-8D95-5BBABE761D19}.Release|Any CPU.Build.0 = Release|Any CPU
	EndGlobalSection
	GlobalSection(SolutionProperties) = preSolution
		HideSolutionNode = FALSE
	EndGlobalSection
	GlobalSection(MonoDevelopProperties) = preSolution
		StartupItem = Assembly-CSharp.csproj
	EndGlobalSection
EndGlobal
